{
  "version": 4,
  "terraform_version": "1.7.4",
  "serial": 114,
  "lineage": "b4b627df-883c-0679-e4e5-eab0941bfdd6",
  "outputs": {},
  "resources": [
    {
      "mode": "data",
      "type": "huaweicloud_availability_zones",
      "name": "zones",
      "provider": "provider[\"registry.terraform.io/huaweicloud/huaweicloud\"]",
      "instances": [
        {
          "schema_version": 0,
          "attributes": {
            "id": "2388820229",
            "names": [
              "la-south-2a",
              "la-south-2b"
            ],
            "region": null,
            "state": "available"
          },
          "sensitive_attributes": []
        }
      ]
    },
    {
      "mode": "managed",
      "type": "huaweicloud_networking_secgroup_rule_v2",
      "name": "secgroup_rule_1",
      "provider": "provider[\"registry.terraform.io/huaweicloud/huaweicloud\"]",
      "instances": [
        {
          "schema_version": 0,
          "attributes": {
            "action": "allow",
            "description": "",
            "direction": "ingress",
            "ethertype": "IPv4",
            "id": "5bb15176-503d-44f4-af37-2f9504c2fa05",
            "port_range_max": 22,
            "port_range_min": 22,
            "ports": "22",
            "priority": 1,
            "protocol": "tcp",
            "region": "la-south-2",
            "remote_address_group_id": "",
            "remote_group_id": "",
            "remote_ip_prefix": "0.0.0.0/0",
            "security_group_id": "b6ba30a9-73b9-46d8-b249-685dc23ab9c1",
            "timeouts": null
          },
          "sensitive_attributes": [],
          "private": "eyJlMmJmYjczMC1lY2FhLTExZTYtOGY4OC0zNDM2M2JjN2M0YzAiOnsiZGVsZXRlIjo2MDAwMDAwMDAwMDB9fQ==",
          "dependencies": [
            "huaweicloud_networking_secgroup_v2.secgroup_1"
          ]
        }
      ]
    },
    {
      "mode": "managed",
      "type": "huaweicloud_networking_secgroup_v2",
      "name": "secgroup_1",
      "provider": "provider[\"registry.terraform.io/huaweicloud/huaweicloud\"]",
      "instances": [
        {
          "schema_version": 0,
          "attributes": {
            "created_at": "2024-04-23T15:15:58Z",
            "delete_default_rules": null,
            "description": "My security group",
            "enterprise_project_id": "0",
            "id": "b6ba30a9-73b9-46d8-b249-685dc23ab9c1",
            "name": "secgroup_tf_1",
            "region": "la-south-2",
            "rules": [
              {
                "action": "allow",
                "description": "",
                "direction": "egress",
                "ethertype": "IPv6",
                "id": "299983a4-ddff-4bc6-bc6f-976365f39d80",
                "port_range_max": 0,
                "port_range_min": 0,
                "ports": "",
                "priority": 100,
                "protocol": "",
                "remote_address_group_id": "",
                "remote_group_id": "",
                "remote_ip_prefix": ""
              },
              {
                "action": "allow",
                "description": "",
                "direction": "ingress",
                "ethertype": "IPv6",
                "id": "38d8cdb9-e018-4f2b-9bf4-ac30b3680bf4",
                "port_range_max": 0,
                "port_range_min": 0,
                "ports": "",
                "priority": 100,
                "protocol": "",
                "remote_address_group_id": "",
                "remote_group_id": "b6ba30a9-73b9-46d8-b249-685dc23ab9c1",
                "remote_ip_prefix": ""
              },
              {
                "action": "allow",
                "description": "",
                "direction": "egress",
                "ethertype": "IPv4",
                "id": "a4d6587b-045c-4b21-871a-d50f3290b417",
                "port_range_max": 0,
                "port_range_min": 0,
                "ports": "",
                "priority": 100,
                "protocol": "",
                "remote_address_group_id": "",
                "remote_group_id": "",
                "remote_ip_prefix": ""
              },
              {
                "action": "allow",
                "description": "",
                "direction": "ingress",
                "ethertype": "IPv4",
                "id": "eb0925eb-5dff-48c3-a61a-de7c2b01d3b9",
                "port_range_max": 0,
                "port_range_min": 0,
                "ports": "",
                "priority": 100,
                "protocol": "",
                "remote_address_group_id": "",
                "remote_group_id": "b6ba30a9-73b9-46d8-b249-685dc23ab9c1",
                "remote_ip_prefix": ""
              }
            ],
            "timeouts": null,
            "updated_at": "2024-04-23T15:15:58Z"
          },
          "sensitive_attributes": [],
          "private": "eyJlMmJmYjczMC1lY2FhLTExZTYtOGY4OC0zNDM2M2JjN2M0YzAiOnsiZGVsZXRlIjo2MDAwMDAwMDAwMDB9fQ=="
        }
      ]
    },
    {
      "mode": "managed",
      "type": "huaweicloud_vpc_subnet_v1",
      "name": "subnet_v1",
      "provider": "provider[\"registry.terraform.io/huaweicloud/huaweicloud\"]",
      "instances": [
        {
          "schema_version": 0,
          "attributes": {
            "availability_zone": "",
            "cidr": "192.168.0.0/24",
            "description": "",
            "dhcp_enable": true,
            "dns_list": [
              "100.125.1.250",
              "100.125.0.250"
            ],
            "gateway_ip": "192.168.0.1",
            "id": "d70530ee-2acb-4ec2-8256-07eb85f78de4",
            "ipv4_subnet_id": "f4ace2f5-5ecc-437f-86ce-c59a87cc5014",
            "ipv6_cidr": "",
            "ipv6_enable": false,
            "ipv6_gateway": "",
            "ipv6_subnet_id": "",
            "name": "subnet-hdc-tf-test",
            "primary_dns": "100.125.1.250",
            "region": "la-south-2",
            "secondary_dns": "100.125.0.250",
            "subnet_id": "f4ace2f5-5ecc-437f-86ce-c59a87cc5014",
            "tags": null,
            "timeouts": null,
            "vpc_id": "b70b3bdd-daae-460c-9662-3791b9bb737f"
          },
          "sensitive_attributes": [],
          "private": "eyJlMmJmYjczMC1lY2FhLTExZTYtOGY4OC0zNDM2M2JjN2M0YzAiOnsiY3JlYXRlIjozMDAwMDAwMDAwMDAsImRlbGV0ZSI6MzAwMDAwMDAwMDAwfX0=",
          "dependencies": [
            "huaweicloud_vpc_v1.vpc_v1"
          ]
        }
      ]
    },
    {
      "mode": "managed",
      "type": "huaweicloud_vpc_v1",
      "name": "vpc_v1",
      "provider": "provider[\"registry.terraform.io/huaweicloud/huaweicloud\"]",
      "instances": [
        {
          "schema_version": 0,
          "attributes": {
            "cidr": "192.168.0.0/16",
            "description": "",
            "enterprise_project_id": "0",
            "id": "b70b3bdd-daae-460c-9662-3791b9bb737f",
            "name": "vpc-hdc-tf-test",
            "region": "la-south-2",
            "routes": [],
            "secondary_cidr": null,
            "status": "OK",
            "tags": null,
            "timeouts": null
          },
          "sensitive_attributes": [],
          "private": "eyJlMmJmYjczMC1lY2FhLTExZTYtOGY4OC0zNDM2M2JjN2M0YzAiOnsiY3JlYXRlIjo2MDAwMDAwMDAwMDAsImRlbGV0ZSI6MTgwMDAwMDAwMDAwfX0="
        }
      ]
    }
  ],
  "check_results": null
}
